{
  "name": "proj",
  "version": "1.0.0",
  "lockfileVersion": 1,
  "requires": true,
  "dependencies": {
    "prettier": {
      "version": "npm:@btmills/prettier@2.3.1",
      "resolved": "https://registry.npmjs.org/@btmills/prettier/-/prettier-2.3.1.tgz",
      "integrity": "sha512-eVANwzoW2ysc1gePZD6x/QFLkYEYbBtE+XoBDwu2Q9dK/zkjiqkwDhZHaqcRmMriRd0DQ9XvYx9Y13DSfI6KSw==",
      "dev": true
    }
  }
}
